
Microsoft Visual Studio Solution File, Format Version 12.00
# Visual Studio 15
VisualStudioVersion = 15.0.28010.0
MinimumVisualStudioVersion = 10.0.40219.1
Project("{FAE04EC0-301F-11D3-BF4B-00C04F79EFBC}") = "Cliente", "Cliente\Cliente.csproj", "{6B97169A-1EBB-461A-98DB-C77DF631F495}"
EndProject
Project("{FAE04EC0-301F-11D3-BF4B-00C04F79EFBC}") = "Servidor", "Servidor\Servidor.csproj", "{AB36AFEA-802B-4443-A2DD-7ADE508CF80D}"
EndProject
Global
	GlobalSection(SolutionConfigurationPlatforms) = preSolution
		Debug|Any CPU = Debug|Any CPU
		Release|Any CPU = Release|Any CPU
	EndGlobalSection
	GlobalSection(ProjectConfigurationPlatforms) = postSolution
		{6B97169A-1EBB-461A-98DB-C77DF631F495}.Debug|Any CPU.ActiveCfg = Debug|Any CPU
		{6B97169A-1EBB-461A-98DB-C77DF631F495}.Debug|Any CPU.Build.0 = Debug|Any CPU
		{6B97169A-1EBB-461A-98DB-C77DF631F495}.Release|Any CPU.ActiveCfg = Release|Any CPU
		{6B97169A-1EBB-461A-98DB-C77DF631F495}.Release|Any CPU.Build.0 = Release|Any CPU
		{AB36AFEA-802B-4443-A2DD-7ADE508CF80D}.Debug|Any CPU.ActiveCfg = Debug|Any CPU
		{AB36AFEA-802B-4443-A2DD-7ADE508CF80D}.Debug|Any CPU.Build.0 = Debug|Any CPU
		{AB36AFEA-802B-4443-A2DD-7ADE508CF80D}.Release|Any CPU.ActiveCfg = Release|Any CPU
		{AB36AFEA-802B-4443-A2DD-7ADE508CF80D}.Release|Any CPU.Build.0 = Release|Any CPU
	EndGlobalSection
	GlobalSection(SolutionProperties) = preSolution
		HideSolutionNode = FALSE
	EndGlobalSection
	GlobalSection(ExtensibilityGlobals) = postSolution
		SolutionGuid = {44E45F97-CD03-468C-AB3E-74446C4FAB0D}
	EndGlobalSection
EndGlobal
